
Microsoft Visual Studio Solution File, Format Version 12.00
# Visual Studio Version 16
VisualStudioVersion = 16.0.31829.152
MinimumVisualStudioVersion = 10.0.40219.1
Project("{FAE04EC0-301F-11D3-BF4B-00C04F79EFBC}") = "UntitledFinanceTracker", "UntitledFinanceTracker\UntitledFinanceTracker.csproj", "{1A5D45FD-042A-490F-8CFE-76DA2CD93B66}"
EndProject
Global
	GlobalSection(SolutionConfigurationPlatforms) = preSolution
		Debug|Any CPU = Debug|Any CPU
		Release|Any CPU = Release|Any CPU
	EndGlobalSection
	GlobalSection(ProjectConfigurationPlatforms) = postSolution
		{1A5D45FD-042A-490F-8CFE-76DA2CD93B66}.Debug|Any CPU.ActiveCfg = Debug|Any CPU
		{1A5D45FD-042A-490F-8CFE-76DA2CD93B66}.Debug|Any CPU.Build.0 = Debug|Any CPU
		{1A5D45FD-042A-490F-8CFE-76DA2CD93B66}.Release|Any CPU.ActiveCfg = Release|Any CPU
		{1A5D45FD-042A-490F-8CFE-76DA2CD93B66}.Release|Any CPU.Build.0 = Release|Any CPU
	EndGlobalSection
	GlobalSection(SolutionProperties) = preSolution
		HideSolutionNode = FALSE
	EndGlobalSection
	GlobalSection(ExtensibilityGlobals) = postSolution
		SolutionGuid = {BA0D163A-2130-4A32-B08A-540C756D35D4}
	EndGlobalSection
EndGlobal
